
Microsoft Visual Studio Solution File, Format Version 12.00
# Visual Studio 2012
Project("{FAE04EC0-301F-11D3-BF4B-00C04F79EFBC}") = "DatabaseTransferTool", "DatabaseTransferTool.csproj", "{C18BEE3E-BD5E-4E40-8588-CED722EC565E}"
EndProject
Global
	GlobalSection(SolutionConfigurationPlatforms) = preSolution
		Debug|Any CPU = Debug|Any CPU
		Release|Any CPU = Release|Any CPU
	EndGlobalSection
	GlobalSection(ProjectConfigurationPlatforms) = postSolution
		{C18BEE3E-BD5E-4E40-8588-CED722EC565E}.Debug|Any CPU.ActiveCfg = Debug|Any CPU
		{C18BEE3E-BD5E-4E40-8588-CED722EC565E}.Debug|Any CPU.Build.0 = Debug|Any CPU
		{C18BEE3E-BD5E-4E40-8588-CED722EC565E}.Release|Any CPU.ActiveCfg = Release|Any CPU
		{C18BEE3E-BD5E-4E40-8588-CED722EC565E}.Release|Any CPU.Build.0 = Release|Any CPU
	EndGlobalSection
	GlobalSection(SolutionProperties) = preSolution
		HideSolutionNode = FALSE
	EndGlobalSection
EndGlobal
